github.com/JustAn0therDev/LogGo v0.0.0-20220104033939-2900df533fec h1:5z49cePgeAdOqzcBtw5BFDlesLfrCJxJnXDNaCarDyM=
github.com/JustAn0therDev/LogGo v0.0.0-20220104033939-2900df533fec/go.mod h1:kAe3VdvzO7HRVoZ6PRF1c/cOEXWrb2e0ebSmtxQ+nZc=
github.com/JustAn0therDev/LogGo v0.0.0-20220104155152-5872abfc91d0 h1:O+fxOHJkwcnc4ULvW7ogLvEz3K9oMJk5nZVX1Ut6MPM=
github.com/JustAn0therDev/LogGo v0.0.0-20220104155152-5872abfc91d0/go.mod h1:kAe3VdvzO7HRVoZ6PRF1c/cOEXWrb2e0ebSmtxQ+nZc=
github.com/JustAn0therDev/LogGo v0.0.0-20220104162056-604b462b4ad1 h1:OMqiZ1Ir4Se++STmlyfTtNL/7DqR3W4ndzQYGwpawV0=
github.com/JustAn0therDev/LogGo v0.0.0-20220104162056-604b462b4ad1/go.mod h1:kAe3VdvzO7HRVoZ6PRF1c/cOEXWrb2e0ebSmtxQ+nZc=
